
Microsoft Visual Studio Solution File, Format Version 12.00
# Visual Studio Version 17
VisualStudioVersion = 17.14.36623.8
MinimumVisualStudioVersion = 10.0.40219.1
Project("{FAE04EC0-301F-11D3-BF4B-00C04F79EFBC}") = "SmartFocus", "SmartFocus.csproj", "{74AC7C76-BB42-BE6E-DD90-CD8EA3F70D28}"
EndProject
Project("{FAE04EC0-301F-11D3-BF4B-00C04F79EFBC}") = "SmartFocus.Tests", "..\SmartFocus.Tests\SmartFocus.Tests.csproj", "{B37CDFF8-91C3-4110-A3A1-CCB3D76BF721}"
EndProject
Global
	GlobalSection(SolutionConfigurationPlatforms) = preSolution
		Debug|Any CPU = Debug|Any CPU
		Debug|x64 = Debug|x64
		Debug|x86 = Debug|x86
		Release|Any CPU = Release|Any CPU
		Release|x64 = Release|x64
		Release|x86 = Release|x86
	EndGlobalSection
	GlobalSection(ProjectConfigurationPlatforms) = postSolution
		{74AC7C76-BB42-BE6E-DD90-CD8EA3F70D28}.Debug|Any CPU.ActiveCfg = Debug|Any CPU
		{74AC7C76-BB42-BE6E-DD90-CD8EA3F70D28}.Debug|Any CPU.Build.0 = Debug|Any CPU
		{74AC7C76-BB42-BE6E-DD90-CD8EA3F70D28}.Debug|x64.ActiveCfg = Debug|Any CPU
		{74AC7C76-BB42-BE6E-DD90-CD8EA3F70D28}.Debug|x64.Build.0 = Debug|Any CPU
		{74AC7C76-BB42-BE6E-DD90-CD8EA3F70D28}.Debug|x86.ActiveCfg = Debug|Any CPU
		{74AC7C76-BB42-BE6E-DD90-CD8EA3F70D28}.Debug|x86.Build.0 = Debug|Any CPU
		{74AC7C76-BB42-BE6E-DD90-CD8EA3F70D28}.Release|Any CPU.ActiveCfg = Release|Any CPU
		{74AC7C76-BB42-BE6E-DD90-CD8EA3F70D28}.Release|Any CPU.Build.0 = Release|Any CPU
		{74AC7C76-BB42-BE6E-DD90-CD8EA3F70D28}.Release|x64.ActiveCfg = Release|Any CPU
		{74AC7C76-BB42-BE6E-DD90-CD8EA3F70D28}.Release|x64.Build.0 = Release|Any CPU
		{74AC7C76-BB42-BE6E-DD90-CD8EA3F70D28}.Release|x86.ActiveCfg = Release|Any CPU
		{74AC7C76-BB42-BE6E-DD90-CD8EA3F70D28}.Release|x86.Build.0 = Release|Any CPU
		{B37CDFF8-91C3-4110-A3A1-CCB3D76BF721}.Debug|Any CPU.ActiveCfg = Debug|Any CPU
		{B37CDFF8-91C3-4110-A3A1-CCB3D76BF721}.Debug|Any CPU.Build.0 = Debug|Any CPU
		{B37CDFF8-91C3-4110-A3A1-CCB3D76BF721}.Debug|x64.ActiveCfg = Debug|Any CPU
		{B37CDFF8-91C3-4110-A3A1-CCB3D76BF721}.Debug|x64.Build.0 = Debug|Any CPU
		{B37CDFF8-91C3-4110-A3A1-CCB3D76BF721}.Debug|x86.ActiveCfg = Debug|Any CPU
		{B37CDFF8-91C3-4110-A3A1-CCB3D76BF721}.Debug|x86.Build.0 = Debug|Any CPU
		{B37CDFF8-91C3-4110-A3A1-CCB3D76BF721}.Release|Any CPU.ActiveCfg = Release|Any CPU
		{B37CDFF8-91C3-4110-A3A1-CCB3D76BF721}.Release|Any CPU.Build.0 = Release|Any CPU
		{B37CDFF8-91C3-4110-A3A1-CCB3D76BF721}.Release|x64.ActiveCfg = Release|Any CPU
		{B37CDFF8-91C3-4110-A3A1-CCB3D76BF721}.Release|x64.Build.0 = Release|Any CPU
		{B37CDFF8-91C3-4110-A3A1-CCB3D76BF721}.Release|x86.ActiveCfg = Release|Any CPU
		{B37CDFF8-91C3-4110-A3A1-CCB3D76BF721}.Release|x86.Build.0 = Release|Any CPU
	EndGlobalSection
	GlobalSection(SolutionProperties) = preSolution
		HideSolutionNode = FALSE
	EndGlobalSection
	GlobalSection(ExtensibilityGlobals) = postSolution
		SolutionGuid = {2A5F9DA2-8491-41E4-B5FC-EB72FA83C81A}
	EndGlobalSection
EndGlobal
