
Microsoft Visual Studio Solution File, Format Version 12.00
# Visual Studio Version 17
VisualStudioVersion = 17.14.36623.8 d17.14
MinimumVisualStudioVersion = 10.0.40219.1
Project("{FAE04EC0-301F-11D3-BF4B-00C04F79EFBC}") = "SmartFocus", "SmartFocus.csproj", "{74AC7C76-BB42-BE6E-DD90-CD8EA3F70D28}"
EndProject
Global
	GlobalSection(SolutionConfigurationPlatforms) = preSolution
		Debug|Any CPU = Debug|Any CPU
		Release|Any CPU = Release|Any CPU
	EndGlobalSection
	GlobalSection(ProjectConfigurationPlatforms) = postSolution
		{74AC7C76-BB42-BE6E-DD90-CD8EA3F70D28}.Debug|Any CPU.ActiveCfg = Debug|Any CPU
		{74AC7C76-BB42-BE6E-DD90-CD8EA3F70D28}.Debug|Any CPU.Build.0 = Debug|Any CPU
		{74AC7C76-BB42-BE6E-DD90-CD8EA3F70D28}.Release|Any CPU.ActiveCfg = Release|Any CPU
		{74AC7C76-BB42-BE6E-DD90-CD8EA3F70D28}.Release|Any CPU.Build.0 = Release|Any CPU
	EndGlobalSection
	GlobalSection(SolutionProperties) = preSolution
		HideSolutionNode = FALSE
	EndGlobalSection
	GlobalSection(ExtensibilityGlobals) = postSolution
		SolutionGuid = {2A5F9DA2-8491-41E4-B5FC-EB72FA83C81A}
	EndGlobalSection
EndGlobal
